Microsoft Visual Studio Solution File, Format Version 12.00
# Visual Studio Version 17
VisualStudioVersion = 17.5.2.0
MinimumVisualStudioVersion = 10.0.40219.1
Project("{2150E333-8FDC-42A3-9474-1A3956D46DE8}") = "TrainWise-be", "TrainWise-be", "{A12D9D75-B1D3-D88D-6074-A439DA376289}"
EndProject
Project("{FAE04EC0-301F-11D3-BF4B-00C04F79EFBC}") = "TrainWise.API", "TrainWise-be\TrainWise.API\TrainWise.API.csproj", "{661BCC4C-B060-DE37-AF83-5170D0F9E84A}"
EndProject
Global
	GlobalSection(SolutionConfigurationPlatforms) = preSolution
		Debug|Any CPU = Debug|Any CPU
		Release|Any CPU = Release|Any CPU
	EndGlobalSection
	GlobalSection(ProjectConfigurationPlatforms) = postSolution
		{661BCC4C-B060-DE37-AF83-5170D0F9E84A}.Debug|Any CPU.ActiveCfg = Debug|Any CPU
		{661BCC4C-B060-DE37-AF83-5170D0F9E84A}.Debug|Any CPU.Build.0 = Debug|Any CPU
		{661BCC4C-B060-DE37-AF83-5170D0F9E84A}.Release|Any CPU.ActiveCfg = Release|Any CPU
		{661BCC4C-B060-DE37-AF83-5170D0F9E84A}.Release|Any CPU.Build.0 = Release|Any CPU
	EndGlobalSection
	GlobalSection(SolutionProperties) = preSolution
		HideSolutionNode = FALSE
	EndGlobalSection
	GlobalSection(NestedProjects) = preSolution
		{661BCC4C-B060-DE37-AF83-5170D0F9E84A} = {A12D9D75-B1D3-D88D-6074-A439DA376289}
	EndGlobalSection
	GlobalSection(ExtensibilityGlobals) = postSolution
		SolutionGuid = {B0B54EE2-FD1A-4B18-8CBA-168A799E8E00}
	EndGlobalSection
EndGlobal
